
Microsoft Visual Studio Solution File, Format Version 12.00
# Visual Studio Version 17
VisualStudioVersion = 17.0.31903.59
MinimumVisualStudioVersion = 10.0.40219.1
Project("{2150E333-8FDC-42A3-9474-1A3956D46DE8}") = "src", "src", "{FDB3868E-B189-46E3-A711-DFC2F1CDD782}"
EndProject
Project("{FAE04EC0-301F-11D3-BF4B-00C04F79EFBC}") = "Scad", "src\Scad\Scad.csproj", "{B54C1BC4-7DFF-4024-838E-0B05CD8D2E09}"
EndProject
Project("{FAE04EC0-301F-11D3-BF4B-00C04F79EFBC}") = "Parser", "src\Parser\Parser.csproj", "{09C546C8-F009-49F9-AC54-AAFD4DDE5D33}"
EndProject
Project("{2150E333-8FDC-42A3-9474-1A3956D46DE8}") = "tests", "tests", "{0278B82D-F517-45EC-BC61-B9CF9F9F4AFD}"
EndProject
Project("{FAE04EC0-301F-11D3-BF4B-00C04F79EFBC}") = "Parser.Test", "tests\Parser.Test\Parser.Test.csproj", "{AFD82A30-BBE2-4FE6-B47A-5A18E5D96E05}"
EndProject
Project("{2150E333-8FDC-42A3-9474-1A3956D46DE8}") = "apps", "apps", "{06E330BD-FABE-482C-8DBB-CB9B0F962573}"
EndProject
Project("{FAE04EC0-301F-11D3-BF4B-00C04F79EFBC}") = "ObjToJson", "apps\ObjToJson\ObjToJson.csproj", "{3308E70F-FC60-4273-8F93-C1DB35306115}"
EndProject
Project("{FAE04EC0-301F-11D3-BF4B-00C04F79EFBC}") = "ScadToPcode", "apps\ScadToPcode\ScadToPcode.csproj", "{33A43F50-D2AB-4D6C-AD7F-2751A3DC40D3}"
EndProject
Project("{FAE04EC0-301F-11D3-BF4B-00C04F79EFBC}") = "ScadToStl", "apps\ScadToStl\ScadToStl.csproj", "{BCDDAFE0-6962-4F22-A96D-BFC929A2283F}"
EndProject
Project("{FAE04EC0-301F-11D3-BF4B-00C04F79EFBC}") = "ScadView", "apps\ScadView\ScadView.csproj", "{0F7F2298-A2F7-4081-A5E0-DC4096F5FC58}"
EndProject
Global
	GlobalSection(SolutionConfigurationPlatforms) = preSolution
		Debug|Any CPU = Debug|Any CPU
		Release|Any CPU = Release|Any CPU
	EndGlobalSection
	GlobalSection(SolutionProperties) = preSolution
		HideSolutionNode = FALSE
	EndGlobalSection
	GlobalSection(ProjectConfigurationPlatforms) = postSolution
		{B54C1BC4-7DFF-4024-838E-0B05CD8D2E09}.Debug|Any CPU.ActiveCfg = Debug|Any CPU
		{B54C1BC4-7DFF-4024-838E-0B05CD8D2E09}.Debug|Any CPU.Build.0 = Debug|Any CPU
		{B54C1BC4-7DFF-4024-838E-0B05CD8D2E09}.Release|Any CPU.ActiveCfg = Release|Any CPU
		{B54C1BC4-7DFF-4024-838E-0B05CD8D2E09}.Release|Any CPU.Build.0 = Release|Any CPU
		{09C546C8-F009-49F9-AC54-AAFD4DDE5D33}.Debug|Any CPU.ActiveCfg = Debug|Any CPU
		{09C546C8-F009-49F9-AC54-AAFD4DDE5D33}.Debug|Any CPU.Build.0 = Debug|Any CPU
		{09C546C8-F009-49F9-AC54-AAFD4DDE5D33}.Release|Any CPU.ActiveCfg = Release|Any CPU
		{09C546C8-F009-49F9-AC54-AAFD4DDE5D33}.Release|Any CPU.Build.0 = Release|Any CPU
		{AFD82A30-BBE2-4FE6-B47A-5A18E5D96E05}.Debug|Any CPU.ActiveCfg = Debug|Any CPU
		{AFD82A30-BBE2-4FE6-B47A-5A18E5D96E05}.Debug|Any CPU.Build.0 = Debug|Any CPU
		{AFD82A30-BBE2-4FE6-B47A-5A18E5D96E05}.Release|Any CPU.ActiveCfg = Release|Any CPU
		{AFD82A30-BBE2-4FE6-B47A-5A18E5D96E05}.Release|Any CPU.Build.0 = Release|Any CPU
		{3308E70F-FC60-4273-8F93-C1DB35306115}.Debug|Any CPU.ActiveCfg = Debug|Any CPU
		{3308E70F-FC60-4273-8F93-C1DB35306115}.Debug|Any CPU.Build.0 = Debug|Any CPU
		{3308E70F-FC60-4273-8F93-C1DB35306115}.Release|Any CPU.ActiveCfg = Release|Any CPU
		{3308E70F-FC60-4273-8F93-C1DB35306115}.Release|Any CPU.Build.0 = Release|Any CPU
		{33A43F50-D2AB-4D6C-AD7F-2751A3DC40D3}.Debug|Any CPU.ActiveCfg = Debug|Any CPU
		{33A43F50-D2AB-4D6C-AD7F-2751A3DC40D3}.Debug|Any CPU.Build.0 = Debug|Any CPU
		{33A43F50-D2AB-4D6C-AD7F-2751A3DC40D3}.Release|Any CPU.ActiveCfg = Release|Any CPU
		{33A43F50-D2AB-4D6C-AD7F-2751A3DC40D3}.Release|Any CPU.Build.0 = Release|Any CPU
		{BCDDAFE0-6962-4F22-A96D-BFC929A2283F}.Debug|Any CPU.ActiveCfg = Debug|Any CPU
		{BCDDAFE0-6962-4F22-A96D-BFC929A2283F}.Debug|Any CPU.Build.0 = Debug|Any CPU
		{BCDDAFE0-6962-4F22-A96D-BFC929A2283F}.Release|Any CPU.ActiveCfg = Release|Any CPU
		{BCDDAFE0-6962-4F22-A96D-BFC929A2283F}.Release|Any CPU.Build.0 = Release|Any CPU
		{0F7F2298-A2F7-4081-A5E0-DC4096F5FC58}.Debug|Any CPU.ActiveCfg = Debug|Any CPU
		{0F7F2298-A2F7-4081-A5E0-DC4096F5FC58}.Debug|Any CPU.Build.0 = Debug|Any CPU
		{0F7F2298-A2F7-4081-A5E0-DC4096F5FC58}.Release|Any CPU.ActiveCfg = Release|Any CPU
		{0F7F2298-A2F7-4081-A5E0-DC4096F5FC58}.Release|Any CPU.Build.0 = Release|Any CPU
	EndGlobalSection
	GlobalSection(NestedProjects) = preSolution
		{B54C1BC4-7DFF-4024-838E-0B05CD8D2E09} = {FDB3868E-B189-46E3-A711-DFC2F1CDD782}
		{09C546C8-F009-49F9-AC54-AAFD4DDE5D33} = {FDB3868E-B189-46E3-A711-DFC2F1CDD782}
		{AFD82A30-BBE2-4FE6-B47A-5A18E5D96E05} = {0278B82D-F517-45EC-BC61-B9CF9F9F4AFD}
		{3308E70F-FC60-4273-8F93-C1DB35306115} = {06E330BD-FABE-482C-8DBB-CB9B0F962573}
		{33A43F50-D2AB-4D6C-AD7F-2751A3DC40D3} = {06E330BD-FABE-482C-8DBB-CB9B0F962573}
		{BCDDAFE0-6962-4F22-A96D-BFC929A2283F} = {06E330BD-FABE-482C-8DBB-CB9B0F962573}
		{0F7F2298-A2F7-4081-A5E0-DC4096F5FC58} = {06E330BD-FABE-482C-8DBB-CB9B0F962573}
	EndGlobalSection
EndGlobal
